# THIS IS AN AUTOGENERATED FILE. DO NOT EDIT THIS FILE DIRECTLY.
# yarn lockfile v1


ypx@^0.1.0:
  version "0.1.0"
  resolved "https://registry.yarnpkg.com/ypx/-/ypx-0.1.0.tgz#abdedb01817136b6b338837b8e4f4c07f7f60974"
  integrity sha512-IX5lSAOMub3I/i9cDwesEhJ1Sk3gyZacMjGvD+yaaMmLC6o72Xa4dx14JvgGicGku0KEx+mEtF0ayO60TWRYzw==
